// !$*UTF8*$!
{
	archiveVersion = 1;
	classes = {
	};
	objectVersion = 55;
	objects = {

/* Begin PBXBuildFile section */
		5DA155C0284BA17E00830E82 /* Friend.swift in Sources */ = {isa = PBXBuildFile; fileRef = 5DA155BF284BA17E00830E82 /* Friend.swift */; };
		5DA155C7284BA55000830E82 /* CustomTableViewCell.swift in Sources */ = {isa = PBXBuildFile; fileRef = 5DA155C5284BA55000830E82 /* CustomTableViewCell.swift */; };
		5DA155C8284BA55000830E82 /* CustomTableViewCell.xib in Resources */ = {isa = PBXBuildFile; fileRef = 5DA155C6284BA55000830E82 /* CustomTableViewCell.xib */; };
		8FB460332845489800AF1CCA /* AllGroupController.swift in Sources */ = {isa = PBXBuildFile; fileRef = 8FB460322845489800AF1CCA /* AllGroupController.swift */; };
		8FB46035284548AF00AF1CCA /* MyFriendsController.swift in Sources */ = {isa = PBXBuildFile; fileRef = 8FB46034284548AF00AF1CCA /* MyFriendsController.swift */; };
		8FCC56D5283D46E500756C25 /* AppDelegate.swift in Sources */ = {isa = PBXBuildFile; fileRef = 8FCC56D4283D46E500756C25 /* AppDelegate.swift */; };
		8FCC56D7283D46E500756C25 /* SceneDelegate.swift in Sources */ = {isa = PBXBuildFile; fileRef = 8FCC56D6283D46E500756C25 /* SceneDelegate.swift */; };
		8FCC56D9283D46E600756C25 /* LoginViewController.swift in Sources */ = {isa = PBXBuildFile; fileRef = 8FCC56D8283D46E500756C25 /* LoginViewController.swift */; };
		8FCC56DC283D46E600756C25 /* Main.storyboard in Resources */ = {isa = PBXBuildFile; fileRef = 8FCC56DA283D46E600756C25 /* Main.storyboard */; };
		8FCC56DE283D46E900756C25 /* Assets.xcassets in Resources */ = {isa = PBXBuildFile; fileRef = 8FCC56DD283D46E900756C25 /* Assets.xcassets */; };
		8FCC56E1283D46E900756C25 /* LaunchScreen.storyboard in Resources */ = {isa = PBXBuildFile; fileRef = 8FCC56DF283D46E900756C25 /* LaunchScreen.storyboard */; };
/* End PBXBuildFile section */

/* Begin PBXFileReference section */
		5DA155BF284BA17E00830E82 /* Friend.swift */ = {isa = PBXFileReference; lastKnownFileType = sourcecode.swift; path = Friend.swift; sourceTree = "<group>"; };
		5DA155C5284BA55000830E82 /* CustomTableViewCell.swift */ = {isa = PBXFileReference; fileEncoding = 4; lastKnownFileType = sourcecode.swift; path = CustomTableViewCell.swift; sourceTree = "<group>"; };
		5DA155C6284BA55000830E82 /* CustomTableViewCell.xib */ = {isa = PBXFileReference; fileEncoding = 4; lastKnownFileType = file.xib; path = CustomTableViewCell.xib; sourceTree = "<group>"; };
		8FB460322845489800AF1CCA /* AllGroupController.swift */ = {isa = PBXFileReference; lastKnownFileType = sourcecode.swift; path = AllGroupController.swift; sourceTree = "<group>"; };
		8FB46034284548AF00AF1CCA /* MyFriendsController.swift */ = {isa = PBXFileReference; lastKnownFileType = sourcecode.swift; path = MyFriendsController.swift; sourceTree = "<group>"; };
		8FCC56D1283D46E500756C25 /* vkClient.app */ = {isa = PBXFileReference; explicitFileType = wrapper.application; includeInIndex = 0; path = vkClient.app; sourceTree = BUILT_PRODUCTS_DIR; };
		8FCC56D4283D46E500756C25 /* AppDelegate.swift */ = {isa = PBXFileReference; lastKnownFileType = sourcecode.swift; path = AppDelegate.swift; sourceTree = "<group>"; };
		8FCC56D6283D46E500756C25 /* SceneDelegate.swift */ = {isa = PBXFileReference; lastKnownFileType = sourcecode.swift; path = SceneDelegate.swift; sourceTree = "<group>"; };
		8FCC56D8283D46E500756C25 /* LoginViewController.swift */ = {isa = PBXFileReference; lastKnownFileType = sourcecode.swift; path = LoginViewController.swift; sourceTree = "<group>"; };
		8FCC56DB283D46E600756C25 /* Base */ = {isa = PBXFileReference; lastKnownFileType = file.storyboard; name = Base; path = Base.lproj/Main.storyboard; sourceTree = "<group>"; };
		8FCC56DD283D46E900756C25 /* Assets.xcassets */ = {isa = PBXFileReference; lastKnownFileType = folder.assetcatalog; path = Assets.xcassets; sourceTree = "<group>"; };
		8FCC56E0283D46E900756C25 /* Base */ = {isa = PBXFileReference; lastKnownFileType = file.storyboard; name = Base; path = Base.lproj/LaunchScreen.storyboard; sourceTree = "<group>"; };
		8FCC56E2283D46E900756C25 /* Info.plist */ = {isa = PBXFileReference; lastKnownFileType = text.plist.xml; path = Info.plist; sourceTree = "<group>"; };
/* End PBXFileReference section */

/* Begin PBXFrameworksBuildPhase section */
		8FCC56CE283D46E500756C25 /* Frameworks */ = {
			isa = PBXFrameworksBuildPhase;
			buildActionMask = 2147483647;
			files = (
			);
			runOnlyForDeploymentPostprocessing = 0;
		};
/* End PBXFrameworksBuildPhase section */

/* Begin PBXGroup section */
		5DA155C1284BA19000830E82 /* Controllers */ = {
			isa = PBXGroup;
			children = (
				5DA155C4284BA4B500830E82 /* cell */,
				8FCC56D8283D46E500756C25 /* LoginViewController.swift */,
				8FB460322845489800AF1CCA /* AllGroupController.swift */,
				8FB46034284548AF00AF1CCA /* MyFriendsController.swift */,
			);
			path = Controllers;
			sourceTree = "<group>";
		};
		5DA155C2284BA1A700830E82 /* system */ = {
			isa = PBXGroup;
			children = (
				8FCC56D4283D46E500756C25 /* AppDelegate.swift */,
				8FCC56D6283D46E500756C25 /* SceneDelegate.swift */,
			);
			path = system;
			sourceTree = "<group>";
		};
		5DA155C3284BA1C900830E82 /* Model */ = {
			isa = PBXGroup;
			children = (
				5DA155BF284BA17E00830E82 /* Friend.swift */,
			);
			path = Model;
			sourceTree = "<group>";
		};
		5DA155C4284BA4B500830E82 /* cell */ = {
			isa = PBXGroup;
			children = (
				5DA155C5284BA55000830E82 /* CustomTableViewCell.swift */,
				5DA155C6284BA55000830E82 /* CustomTableViewCell.xib */,
			);
			path = cell;
			sourceTree = "<group>";
		};
		8FCC56C8283D46E500756C25 = {
			isa = PBXGroup;
			children = (
				8FCC56D3283D46E500756C25 /* vkClient */,
				8FCC56D2283D46E500756C25 /* Products */,
			);
			sourceTree = "<group>";
		};
		8FCC56D2283D46E500756C25 /* Products */ = {
			isa = PBXGroup;
			children = (
				8FCC56D1283D46E500756C25 /* vkClient.app */,
			);
			name = Products;
			sourceTree = "<group>";
		};
		8FCC56D3283D46E500756C25 /* vkClient */ = {
			isa = PBXGroup;
			children = (
				5DA155C2284BA1A700830E82 /* system */,
				5DA155C1284BA19000830E82 /* Controllers */,
				5DA155C3284BA1C900830E82 /* Model */,
				8FCC56DA283D46E600756C25 /* Main.storyboard */,
				8FCC56DF283D46E900756C25 /* LaunchScreen.storyboard */,
				8FCC56DD283D46E900756C25 /* Assets.xcassets */,
				8FCC56E2283D46E900756C25 /* Info.plist */,
			);
			path = vkClient;
			sourceTree = "<group>";
		};
/* End PBXGroup section */

/* Begin PBXNativeTarget section */
		8FCC56D0283D46E500756C25 /* vkClient */ = {
			isa = PBXNativeTarget;
			buildConfigurationList = 8FCC56E5283D46E900756C25 /* Build configuration list for PBXNativeTarget "vkClient" */;
			buildPhases = (
				8FCC56CD283D46E500756C25 /* Sources */,
				8FCC56CE283D46E500756C25 /* Frameworks */,
				8FCC56CF283D46E500756C25 /* Resources */,
			);
			buildRules = (
			);
			dependencies = (
			);
			name = vkClient;
			productName = vkClient;
			productReference = 8FCC56D1283D46E500756C25 /* vkClient.app */;
			productType = "com.apple.product-type.application";
		};
/* End PBXNativeTarget section */

/* Begin PBXProject section */
		8FCC56C9283D46E500756C25 /* Project object */ = {
			isa = PBXProject;
			attributes = {
				BuildIndependentTargetsInParallel = 1;
				LastSwiftUpdateCheck = 1330;
				LastUpgradeCheck = 1330;
				TargetAttributes = {
					8FCC56D0283D46E500756C25 = {
						CreatedOnToolsVersion = 13.3;
					};
				};
			};
			buildConfigurationList = 8FCC56CC283D46E500756C25 /* Build configuration list for PBXProject "vkClient" */;
			compatibilityVersion = "Xcode 13.0";
			developmentRegion = en;
			hasScannedForEncodings = 0;
			knownRegions = (
				en,
				Base,
			);
			mainGroup = 8FCC56C8283D46E500756C25;
			productRefGroup = 8FCC56D2283D46E500756C25 /* Products */;
			projectDirPath = "";
			projectRoot = "";
			targets = (
				8FCC56D0283D46E500756C25 /* vkClient */,
			);
		};
/* End PBXProject section */

/* Begin PBXResourcesBuildPhase section */
		8FCC56CF283D46E500756C25 /* Resources */ = {
			isa = PBXResourcesBuildPhase;
			buildActionMask = 2147483647;
			files = (
				8FCC56E1283D46E900756C25 /* LaunchScreen.storyboard in Resources */,
				8FCC56DE283D46E900756C25 /* Assets.xcassets in Resources */,
				5DA155C8284BA55000830E82 /* CustomTableViewCell.xib in Resources */,
				8FCC56DC283D46E600756C25 /* Main.storyboard in Resources */,
			);
			runOnlyForDeploymentPostprocessing = 0;
		};
/* End PBXResourcesBuildPhase section */

/* Begin PBXSourcesBuildPhase section */
		8FCC56CD283D46E500756C25 /* Sources */ = {
			isa = PBXSourcesBuildPhase;
			buildActionMask = 2147483647;
			files = (
				8FCC56D9283D46E600756C25 /* LoginViewController.swift in Sources */,
				8FB460332845489800AF1CCA /* AllGroupController.swift in Sources */,
				8FB46035284548AF00AF1CCA /* MyFriendsController.swift in Sources */,
				5DA155C7284BA55000830E82 /* CustomTableViewCell.swift in Sources */,
				5DA155C0284BA17E00830E82 /* Friend.swift in Sources */,
				8FCC56D5283D46E500756C25 /* AppDelegate.swift in Sources */,
				8FCC56D7283D46E500756C25 /* SceneDelegate.swift in Sources */,
			);
			runOnlyForDeploymentPostprocessing = 0;
		};
/* End PBXSourcesBuildPhase section */

/* Begin PBXVariantGroup section */
		8FCC56DA283D46E600756C25 /* Main.storyboard */ = {
			isa = PBXVariantGroup;
			children = (
				8FCC56DB283D46E600756C25 /* Base */,
			);
			name = Main.storyboard;
			sourceTree = "<group>";
		};
		8FCC56DF283D46E900756C25 /* LaunchScreen.storyboard */ = {
			isa = PBXVariantGroup;
			children = (
				8FCC56E0283D46E900756C25 /* Base */,
			);
			name = LaunchScreen.storyboard;
			sourceTree = "<group>";
		};
/* End PBXVariantGroup section */

/* Begin XCBuildConfiguration section */
		8FCC56E3283D46E900756C25 /* Debug */ = {
			isa = XCBuildConfiguration;
			buildSettings = {
				ALWAYS_SEARCH_USER_PATHS = NO;
				CLANG_ANALYZER_NONNULL = YES;
				CLANG_ANALYZER_NUMBER_OBJECT_CONVERSION = YES_AGGRESSIVE;
				CLANG_CXX_LANGUAGE_STANDARD = "gnu++17";
				CLANG_ENABLE_MODULES = YES;
				CLANG_ENABLE_OBJC_ARC = YES;
				CLANG_ENABLE_OBJC_WEAK = YES;
				CLANG_WARN_BLOCK_CAPTURE_AUTORELEASING = YES;
				CLANG_WARN_BOOL_CONVERSION = YES;
				CLANG_WARN_COMMA = YES;
				CLANG_WARN_CONSTANT_CONVERSION = YES;
				CLANG_WARN_DEPRECATED_OBJC_IMPLEMENTATIONS = YES;
				CLANG_WARN_DIRECT_OBJC_ISA_USAGE = YES_ERROR;
				CLANG_WARN_DOCUMENTATION_COMMENTS = YES;
				CLANG_WARN_EMPTY_BODY = YES;
				CLANG_WARN_ENUM_CONVERSION = YES;
				CLANG_WARN_INFINITE_RECURSION = YES;
				CLANG_WARN_INT_CONVERSION = YES;
				CLANG_WARN_NON_LITERAL_NULL_CONVERSION = YES;
				CLANG_WARN_OBJC_IMPLICIT_RETAIN_SELF = YES;
				CLANG_WARN_OBJC_LITERAL_CONVERSION = YES;
				CLANG_WARN_OBJC_ROOT_CLASS = YES_ERROR;
				CLANG_WARN_QUOTED_INCLUDE_IN_FRAMEWORK_HEADER = YES;
				CLANG_WARN_RANGE_LOOP_ANALYSIS = YES;
				CLANG_WARN_STRICT_PROTOTYPES = YES;
				CLANG_WARN_SUSPICIOUS_MOVE = YES;
				CLANG_WARN_UNGUARDED_AVAILABILITY = YES_AGGRESSIVE;
				CLANG_WARN_UNREACHABLE_CODE = YES;
				CLANG_WARN__DUPLICATE_METHOD_MATCH = YES;
				COPY_PHASE_STRIP = NO;
				DEBUG_INFORMATION_FORMAT = dwarf;
				ENABLE_STRICT_OBJC_MSGSEND = YES;
				ENABLE_TESTABILITY = YES;
				GCC_C_LANGUAGE_STANDARD = gnu11;
				GCC_DYNAMIC_NO_PIC = NO;
				GCC_NO_COMMON_BLOCKS = YES;
				GCC_OPTIMIZATION_LEVEL = 0;
				GCC_PREPROCESSOR_DEFINITIONS = (
					"DEBUG=1",
					"$(inherited)",
				);
				GCC_WARN_64_TO_32_BIT_CONVERSION = YES;
				GCC_WARN_ABOUT_RETURN_TYPE = YES_ERROR;
				GCC_WARN_UNDECLARED_SELECTOR = YES;
				GCC_WARN_UNINITIALIZED_AUTOS = YES_AGGRESSIVE;
				GCC_WARN_UNUSED_FUNCTION = YES;
				GCC_WARN_UNUSED_VARIABLE = YES;
				IPHONEOS_DEPLOYMENT_TARGET = 15.4;
				MTL_ENABLE_DEBUG_INFO = INCLUDE_SOURCE;
				MTL_FAST_MATH = YES;
				ONLY_ACTIVE_ARCH = YES;
				SDKROOT = iphoneos;
				SWIFT_ACTIVE_COMPILATION_CONDITIONS = DEBUG;
				SWIFT_OPTIMIZATION_LEVEL = "-Onone";
			};
			name = Debug;
		};
		8FCC56E4283D46E900756C25 /* Release */ = {
			isa = XCBuildConfiguration;
			buildSettings = {
				ALWAYS_SEARCH_USER_PATHS = NO;
				CLANG_ANALYZER_NONNULL = YES;
				CLANG_ANALYZER_NUMBER_OBJECT_CONVERSION = YES_AGGRESSIVE;
				CLANG_CXX_LANGUAGE_STANDARD = "gnu++17";
				CLANG_ENABLE_MODULES = YES;
				CLANG_ENABLE_OBJC_ARC = YES;
				CLANG_ENABLE_OBJC_WEAK = YES;
				CLANG_WARN_BLOCK_CAPTURE_AUTORELEASING = YES;
				CLANG_WARN_BOOL_CONVERSION = YES;
				CLANG_WARN_COMMA = YES;
				CLANG_WARN_CONSTANT_CONVERSION = YES;
				CLANG_WARN_DEPRECATED_OBJC_IMPLEMENTATIONS = YES;
				CLANG_WARN_DIRECT_OBJC_ISA_USAGE = YES_ERROR;
				CLANG_WARN_DOCUMENTATION_COMMENTS = YES;
				CLANG_WARN_EMPTY_BODY = YES;
				CLANG_WARN_ENUM_CONVERSION = YES;
				CLANG_WARN_INFINITE_RECURSION = YES;
				CLANG_WARN_INT_CONVERSION = YES;
				CLANG_WARN_NON_LITERAL_NULL_CONVERSION = YES;
				CLANG_WARN_OBJC_IMPLICIT_RETAIN_SELF = YES;
				CLANG_WARN_OBJC_LITERAL_CONVERSION = YES;
				CLANG_WARN_OBJC_ROOT_CLASS = YES_ERROR;
				CLANG_WARN_QUOTED_INCLUDE_IN_FRAMEWORK_HEADER = YES;
				CLANG_WARN_RANGE_LOOP_ANALYSIS = YES;
				CLANG_WARN_STRICT_PROTOTYPES = YES;
				CLANG_WARN_SUSPICIOUS_MOVE = YES;
				CLANG_WARN_UNGUARDED_AVAILABILITY = YES_AGGRESSIVE;
				CLANG_WARN_UNREACHABLE_CODE = YES;
				CLANG_WARN__DUPLICATE_METHOD_MATCH = YES;
				COPY_PHASE_STRIP = NO;
				DEBUG_INFORMATION_FORMAT = "dwarf-with-dsym";
				ENABLE_NS_ASSERTIONS = NO;
				ENABLE_STRICT_OBJC_MSGSEND = YES;
				GCC_C_LANGUAGE_STANDARD = gnu11;
				GCC_NO_COMMON_BLOCKS = YES;
				GCC_WARN_64_TO_32_BIT_CONVERSION = YES;
				GCC_WARN_ABOUT_RETURN_TYPE = YES_ERROR;
				GCC_WARN_UNDECLARED_SELECTOR = YES;
				GCC_WARN_UNINITIALIZED_AUTOS = YES_AGGRESSIVE;
				GCC_WARN_UNUSED_FUNCTION = YES;
				GCC_WARN_UNUSED_VARIABLE = YES;
				IPHONEOS_DEPLOYMENT_TARGET = 15.4;
				MTL_ENABLE_DEBUG_INFO = NO;
				MTL_FAST_MATH = YES;
				SDKROOT = iphoneos;
				SWIFT_COMPILATION_MODE = wholemodule;
				SWIFT_OPTIMIZATION_LEVEL = "-O";
				VALIDATE_PRODUCT = YES;
			};
			name = Release;
		};
		8FCC56E6283D46E900756C25 /* Debug */ = {
			isa = XCBuildConfiguration;
			buildSettings = {
				ASSETCATALOG_COMPILER_APPICON_NAME = AppIcon;
				ASSETCATALOG_COMPILER_GLOBAL_ACCENT_COLOR_NAME = AccentColor;
				CODE_SIGN_STYLE = Automatic;
				CURRENT_PROJECT_VERSION = 1;
				DEVELOPMENT_TEAM = F7VPDNN42Y;
				GENERATE_INFOPLIST_FILE = YES;
				INFOPLIST_FILE = vkClient/Info.plist;
				INFOPLIST_KEY_UIApplicationSupportsIndirectInputEvents = YES;
				INFOPLIST_KEY_UILaunchStoryboardName = LaunchScreen;
				INFOPLIST_KEY_UIMainStoryboardFile = Main;
				INFOPLIST_KEY_UISupportedInterfaceOrientations_iPad = "UIInterfaceOrientationPortrait UIInterfaceOrientationPortraitUpsideDown UIInterfaceOrientationLandscapeLeft UIInterfaceOrientationLandscapeRight";
				INFOPLIST_KEY_UISupportedInterfaceOrientations_iPhone = "UIInterfaceOrientationPortrait UIInterfaceOrientationLandscapeLeft UIInterfaceOrientationLandscapeRight";
				LD_RUNPATH_SEARCH_PATHS = (
					"$(inherited)",
					"@executable_path/Frameworks",
				);
				MARKETING_VERSION = 1.0;
				PRODUCT_BUNDLE_IDENTIFIER = EXA.Dev.PetHelper.vkClient;
				PRODUCT_NAME = "$(TARGET_NAME)";
				SWIFT_EMIT_LOC_STRINGS = YES;
				SWIFT_VERSION = 5.0;
				TARGETED_DEVICE_FAMILY = "1,2";
			};
			name = Debug;
		};
		8FCC56E7283D46E900756C25 /* Release */ = {
			isa = XCBuildConfiguration;
			buildSettings = {
				ASSETCATALOG_COMPILER_APPICON_NAME = AppIcon;
				ASSETCATALOG_COMPILER_GLOBAL_ACCENT_COLOR_NAME = AccentColor;
				CODE_SIGN_STYLE = Automatic;
				CURRENT_PROJECT_VERSION = 1;
				DEVELOPMENT_TEAM = F7VPDNN42Y;
				GENERATE_INFOPLIST_FILE = YES;
				INFOPLIST_FILE = vkClient/Info.plist;
				INFOPLIST_KEY_UIApplicationSupportsIndirectInputEvents = YES;
				INFOPLIST_KEY_UILaunchStoryboardName = LaunchScreen;
				INFOPLIST_KEY_UIMainStoryboardFile = Main;
				INFOPLIST_KEY_UISupportedInterfaceOrientations_iPad = "UIInterfaceOrientationPortrait UIInterfaceOrientationPortraitUpsideDown UIInterfaceOrientationLandscapeLeft UIInterfaceOrientationLandscapeRight";
				INFOPLIST_KEY_UISupportedInterfaceOrientations_iPhone = "UIInterfaceOrientationPortrait UIInterfaceOrientationLandscapeLeft UIInterfaceOrientationLandscapeRight";
				LD_RUNPATH_SEARCH_PATHS = (
					"$(inherited)",
					"@executable_path/Frameworks",
				);
				MARKETING_VERSION = 1.0;
				PRODUCT_BUNDLE_IDENTIFIER = EXA.Dev.PetHelper.vkClient;
				PRODUCT_NAME = "$(TARGET_NAME)";
				SWIFT_EMIT_LOC_STRINGS = YES;
				SWIFT_VERSION = 5.0;
				TARGETED_DEVICE_FAMILY = "1,2";
			};
			name = Release;
		};
/* End XCBuildConfiguration section */

/* Begin XCConfigurationList section */
		8FCC56CC283D46E500756C25 /* Build configuration list for PBXProject "vkClient" */ = {
			isa = XCConfigurationList;
			buildConfigurations = (
				8FCC56E3283D46E900756C25 /* Debug */,
				8FCC56E4283D46E900756C25 /* Release */,
			);
			defaultConfigurationIsVisible = 0;
			defaultConfigurationName = Release;
		};
		8FCC56E5283D46E900756C25 /* Build configuration list for PBXNativeTarget "vkClient" */ = {
			isa = XCConfigurationList;
			buildConfigurations = (
				8FCC56E6283D46E900756C25 /* Debug */,
				8FCC56E7283D46E900756C25 /* Release */,
			);
			defaultConfigurationIsVisible = 0;
			defaultConfigurationName = Release;
		};
/* End XCConfigurationList section */
	};
	rootObject = 8FCC56C9283D46E500756C25 /* Project object */;
}
